
Microsoft Visual Studio Solution File, Format Version 12.00
# Visual Studio 15
Project("{FAE04EC0-301F-11D3-BF4B-00C04F79EFBC}") = "MathStations.Android", "MathStations.Android\MathStations.Android.csproj", "{C528BC2A-57FD-4EA7-B004-9C109AA86A66}"
EndProject
Project("{FAE04EC0-301F-11D3-BF4B-00C04F79EFBC}") = "MathStations.iOS", "MathStations.iOS\MathStations.iOS.csproj", "{897026AF-DA96-4689-AF72-D4BFA9CA65DF}"
EndProject
Project("{FAE04EC0-301F-11D3-BF4B-00C04F79EFBC}") = "MathStations", "MathStations\MathStations.csproj", "{373A5D7C-8686-44E8-84BE-2662B04CBB16}"
EndProject
Global
	GlobalSection(SolutionConfigurationPlatforms) = preSolution
		Debug|Any CPU = Debug|Any CPU
		Release|Any CPU = Release|Any CPU
		Debug|iPhoneSimulator = Debug|iPhoneSimulator
		Release|iPhoneSimulator = Release|iPhoneSimulator
		Debug|iPhone = Debug|iPhone
		Release|iPhone = Release|iPhone
	EndGlobalSection
	GlobalSection(ProjectConfigurationPlatforms) = postSolution
		{C528BC2A-57FD-4EA7-B004-9C109AA86A66}.Debug|Any CPU.ActiveCfg = Debug|Any CPU
		{C528BC2A-57FD-4EA7-B004-9C109AA86A66}.Debug|Any CPU.Build.0 = Debug|Any CPU
		{C528BC2A-57FD-4EA7-B004-9C109AA86A66}.Release|Any CPU.ActiveCfg = Release|Any CPU
		{C528BC2A-57FD-4EA7-B004-9C109AA86A66}.Release|Any CPU.Build.0 = Release|Any CPU
		{C528BC2A-57FD-4EA7-B004-9C109AA86A66}.Debug|iPhoneSimulator.ActiveCfg = Debug|Any CPU
		{C528BC2A-57FD-4EA7-B004-9C109AA86A66}.Debug|iPhoneSimulator.Build.0 = Debug|Any CPU
		{C528BC2A-57FD-4EA7-B004-9C109AA86A66}.Release|iPhoneSimulator.ActiveCfg = Release|Any CPU
		{C528BC2A-57FD-4EA7-B004-9C109AA86A66}.Release|iPhoneSimulator.Build.0 = Release|Any CPU
		{C528BC2A-57FD-4EA7-B004-9C109AA86A66}.Debug|iPhone.ActiveCfg = Debug|Any CPU
		{C528BC2A-57FD-4EA7-B004-9C109AA86A66}.Debug|iPhone.Build.0 = Debug|Any CPU
		{C528BC2A-57FD-4EA7-B004-9C109AA86A66}.Release|iPhone.ActiveCfg = Release|Any CPU
		{C528BC2A-57FD-4EA7-B004-9C109AA86A66}.Release|iPhone.Build.0 = Release|Any CPU
		{897026AF-DA96-4689-AF72-D4BFA9CA65DF}.Debug|Any CPU.ActiveCfg = Debug|iPhoneSimulator
		{897026AF-DA96-4689-AF72-D4BFA9CA65DF}.Debug|Any CPU.Build.0 = Debug|iPhoneSimulator
		{897026AF-DA96-4689-AF72-D4BFA9CA65DF}.Release|Any CPU.ActiveCfg = Release|iPhoneSimulator
		{897026AF-DA96-4689-AF72-D4BFA9CA65DF}.Release|Any CPU.Build.0 = Release|iPhoneSimulator
		{897026AF-DA96-4689-AF72-D4BFA9CA65DF}.Debug|iPhoneSimulator.ActiveCfg = Debug|iPhoneSimulator
		{897026AF-DA96-4689-AF72-D4BFA9CA65DF}.Debug|iPhoneSimulator.Build.0 = Debug|iPhoneSimulator
		{897026AF-DA96-4689-AF72-D4BFA9CA65DF}.Release|iPhoneSimulator.ActiveCfg = Release|iPhoneSimulator
		{897026AF-DA96-4689-AF72-D4BFA9CA65DF}.Release|iPhoneSimulator.Build.0 = Release|iPhoneSimulator
		{897026AF-DA96-4689-AF72-D4BFA9CA65DF}.Debug|iPhone.ActiveCfg = Debug|iPhone
		{897026AF-DA96-4689-AF72-D4BFA9CA65DF}.Debug|iPhone.Build.0 = Debug|iPhone
		{897026AF-DA96-4689-AF72-D4BFA9CA65DF}.Release|iPhone.ActiveCfg = Release|iPhone
		{897026AF-DA96-4689-AF72-D4BFA9CA65DF}.Release|iPhone.Build.0 = Release|iPhone
		{373A5D7C-8686-44E8-84BE-2662B04CBB16}.Debug|Any CPU.ActiveCfg = Debug|Any CPU
		{373A5D7C-8686-44E8-84BE-2662B04CBB16}.Debug|Any CPU.Build.0 = Debug|Any CPU
		{373A5D7C-8686-44E8-84BE-2662B04CBB16}.Release|Any CPU.ActiveCfg = Release|Any CPU
		{373A5D7C-8686-44E8-84BE-2662B04CBB16}.Release|Any CPU.Build.0 = Release|Any CPU
		{373A5D7C-8686-44E8-84BE-2662B04CBB16}.Debug|iPhoneSimulator.ActiveCfg = Debug|Any CPU
		{373A5D7C-8686-44E8-84BE-2662B04CBB16}.Debug|iPhoneSimulator.Build.0 = Debug|Any CPU
		{373A5D7C-8686-44E8-84BE-2662B04CBB16}.Release|iPhoneSimulator.ActiveCfg = Release|Any CPU
		{373A5D7C-8686-44E8-84BE-2662B04CBB16}.Release|iPhoneSimulator.Build.0 = Release|Any CPU
		{373A5D7C-8686-44E8-84BE-2662B04CBB16}.Debug|iPhone.ActiveCfg = Debug|Any CPU
		{373A5D7C-8686-44E8-84BE-2662B04CBB16}.Debug|iPhone.Build.0 = Debug|Any CPU
		{373A5D7C-8686-44E8-84BE-2662B04CBB16}.Release|iPhone.ActiveCfg = Release|Any CPU
		{373A5D7C-8686-44E8-84BE-2662B04CBB16}.Release|iPhone.Build.0 = Release|Any CPU
	EndGlobalSection
EndGlobal
